
Microsoft Visual Studio Solution File, Format Version 12.00
# Visual Studio Version 17
VisualStudioVersion = 17.8.34525.116
MinimumVisualStudioVersion = 10.0.40219.1
Project("{FAE04EC0-301F-11D3-BF4B-00C04F79EFBC}") = "CA Week 3", "CA Week 3\CA Week 3.csproj", "{A1250B5B-470D-4216-9783-FDD05698372D}"
EndProject
Global
	GlobalSection(SolutionConfigurationPlatforms) = preSolution
		Debug|Any CPU = Debug|Any CPU
		Release|Any CPU = Release|Any CPU
	EndGlobalSection
	GlobalSection(ProjectConfigurationPlatforms) = postSolution
		{A1250B5B-470D-4216-9783-FDD05698372D}.Debug|Any CPU.ActiveCfg = Debug|Any CPU
		{A1250B5B-470D-4216-9783-FDD05698372D}.Debug|Any CPU.Build.0 = Debug|Any CPU
		{A1250B5B-470D-4216-9783-FDD05698372D}.Release|Any CPU.ActiveCfg = Release|Any CPU
		{A1250B5B-470D-4216-9783-FDD05698372D}.Release|Any CPU.Build.0 = Release|Any CPU
	EndGlobalSection
	GlobalSection(SolutionProperties) = preSolution
		HideSolutionNode = FALSE
	EndGlobalSection
	GlobalSection(ExtensibilityGlobals) = postSolution
		SolutionGuid = {6558F93D-C29F-4B61-A2EE-C86ADD043BA0}
	EndGlobalSection
EndGlobal
